<Solution>

  <!-- ── Repository files ──────────────────────────────────────────────── -->
  <Folder Name="/docs/">
    <File Path="docs/implementation-plan.md" />
  </Folder>

  <Folder Name="/solution/" />

  <Folder Name="/solution/instructions/">
    <File Path=".github/copilot-instructions.md" />
  </Folder>

  <!-- ── src/mcp ── MCP Servers ────────────────────────────────────────── -->
  <Folder Name="/src/mcp/">
    <File Path="src/mcp/README.md" />
    <Project Path="src/mcp/Chishiki.MCP.Host/Chishiki.MCP.Host.csproj" Id="d99ae567-f48e-46e3-87bc-14ae40f35dc2" />
  </Folder>
  <Folder Name="/src/" />

  <!-- ── src/infrastructure ── Aspire AppHost + ServiceDefaults ──────── -->
  <Folder Name="/src/infrastructure/">
    <File Path="src/infrastructure/README.md" />
    <Project Path="src/infrastructure/aspire/Chishiki.Infrastructure.Aspire.AppHost/Chishiki.Infrastructure.Aspire.AppHost.csproj" />
    <Project Path="src/infrastructure/aspire/Chishiki.Infrastructure.Aspire.ServiceDefaults/Chishiki.Infrastructure.Aspire.ServiceDefaults.csproj" />
  </Folder>

  <!-- ── src/shared ── Cross-cutting Primitives ───────────────────────── -->
  <Folder Name="/src/shared/">
    <File Path="src/shared/README.md" />
  </Folder>
  <Folder Name="/src/shared/core/">
    <Project Path="src/shared/core/Chishiki.Core/Chishiki.Core.csproj" Id="c90e4349-3920-452e-bdfc-9e7913596ff6" />
    <Project Path="src/shared/core/Chishiki.Data.EFCore/Chishiki.Data.EFCore.csproj" Id="3d6b1185-b409-44e9-931b-912b9d392394" />
    <Project Path="src/shared/core/Chishiki.Data/Chishiki.Data.csproj" Id="50d94f6a-16fb-4cab-a1ca-e78305be1052" />
    <Project Path="src/shared/core/Chishiki.Mapping/Chishiki.Mapping.csproj" Id="19db25c1-89e9-4354-b4cd-236688e100a1" />
  </Folder>

</Solution>