<Solution>

  <!-- ── Repository files ──────────────────────────────────────────────── -->
  <Folder Name="/docs/">
    <File Path="docs/implementation-plan.md" />
  </Folder>

  <Folder Name="/solution/" />

  <Folder Name="/solution/instructions/" />

  <!-- ── src/mcp ── MCP Servers ────────────────────────────────────────── -->
  <Folder Name="/src/mcp/">
    <File Path="src/mcp/README.md" />
    <Project Path="src/mcp/Chishiki.MCP.Host/Chishiki.MCP.Host.csproj" Id="d99ae567-f48e-46e3-87bc-14ae40f35dc2" />
  </Folder>
  <Folder Name="/src/" />

  <!-- ── src/infrastructure ── Aspire AppHost + ServiceDefaults ──────── -->
  <Folder Name="/src/infrastructure/">
    <File Path="src/infrastructure/README.md" />
    <Project Path="src/infrastructure/aspire/Chishiki.Infrastructure.Aspire.AppHost/Chishiki.Infrastructure.Aspire.AppHost.csproj" />
    <Project Path="src/infrastructure/aspire/Chishiki.Infrastructure.Aspire.ServiceDefaults/Chishiki.Infrastructure.Aspire.ServiceDefaults.csproj" />
  </Folder>

  <!-- ── src/shared ── Cross-cutting Primitives ───────────────────────── -->
  <Folder Name="/src/shared/">
    <File Path="src/shared/README.md" />
  </Folder>

</Solution>